
Microsoft Visual Studio Solution File, Format Version 12.00
# Visual Studio Version 17
VisualStudioVersion = 17.12.35707.178
MinimumVisualStudioVersion = 10.0.40219.1
Project("{8BC9CEB8-8B4A-11D0-8D11-00A0C91BC942}") = "MMZC Spanish Script", "MMZC Spanish Script.vcxproj", "{E42BAF43-7849-41F3-818C-576D50A0F5FD}"
EndProject
Global
	GlobalSection(SolutionConfigurationPlatforms) = preSolution
		Debug|x64 = Debug|x64
		Debug|x86 = Debug|x86
		ForPub|x64 = ForPub|x64
		ForPub|x86 = ForPub|x86
		Release|x64 = Release|x64
		Release|x86 = Release|x86
	EndGlobalSection
	GlobalSection(ProjectConfigurationPlatforms) = postSolution
		{E42BAF43-7849-41F3-818C-576D50A0F5FD}.Debug|x64.ActiveCfg = Debug|x64
		{E42BAF43-7849-41F3-818C-576D50A0F5FD}.Debug|x64.Build.0 = Debug|x64
		{E42BAF43-7849-41F3-818C-576D50A0F5FD}.Debug|x86.ActiveCfg = Debug|Win32
		{E42BAF43-7849-41F3-818C-576D50A0F5FD}.Debug|x86.Build.0 = Debug|Win32
		{E42BAF43-7849-41F3-818C-576D50A0F5FD}.ForPub|x64.ActiveCfg = ForPub|x64
		{E42BAF43-7849-41F3-818C-576D50A0F5FD}.ForPub|x64.Build.0 = ForPub|x64
		{E42BAF43-7849-41F3-818C-576D50A0F5FD}.ForPub|x86.ActiveCfg = ForPub|Win32
		{E42BAF43-7849-41F3-818C-576D50A0F5FD}.ForPub|x86.Build.0 = ForPub|Win32
		{E42BAF43-7849-41F3-818C-576D50A0F5FD}.Release|x64.ActiveCfg = Release|x64
		{E42BAF43-7849-41F3-818C-576D50A0F5FD}.Release|x64.Build.0 = Release|x64
		{E42BAF43-7849-41F3-818C-576D50A0F5FD}.Release|x86.ActiveCfg = Release|Win32
		{E42BAF43-7849-41F3-818C-576D50A0F5FD}.Release|x86.Build.0 = Release|Win32
	EndGlobalSection
	GlobalSection(SolutionProperties) = preSolution
		HideSolutionNode = FALSE
	EndGlobalSection
EndGlobal
